
Microsoft Visual Studio Solution File, Format Version 12.00
# Visual Studio Version 16
VisualStudioVersion = 16.0.31515.178
MinimumVisualStudioVersion = 10.0.40219.1
Project("{FAE04EC0-301F-11D3-BF4B-00C04F79EFBC}") = "Task_4_1", "Task_4\Task_4_1.csproj", "{8329AC9F-DAFF-4150-8125-176B1BE17A8F}"
EndProject
Project("{FAE04EC0-301F-11D3-BF4B-00C04F79EFBC}") = "Task_4_2", "Task_4_2\Task_4_2.csproj", "{BEF65FB9-57B9-4A48-8CC1-6E9BE2FFC6B5}"
EndProject
Global
	GlobalSection(SolutionConfigurationPlatforms) = preSolution
		Debug|Any CPU = Debug|Any CPU
		Release|Any CPU = Release|Any CPU
	EndGlobalSection
	GlobalSection(ProjectConfigurationPlatforms) = postSolution
		{8329AC9F-DAFF-4150-8125-176B1BE17A8F}.Debug|Any CPU.ActiveCfg = Debug|Any CPU
		{8329AC9F-DAFF-4150-8125-176B1BE17A8F}.Debug|Any CPU.Build.0 = Debug|Any CPU
		{8329AC9F-DAFF-4150-8125-176B1BE17A8F}.Release|Any CPU.ActiveCfg = Release|Any CPU
		{8329AC9F-DAFF-4150-8125-176B1BE17A8F}.Release|Any CPU.Build.0 = Release|Any CPU
		{BEF65FB9-57B9-4A48-8CC1-6E9BE2FFC6B5}.Debug|Any CPU.ActiveCfg = Debug|Any CPU
		{BEF65FB9-57B9-4A48-8CC1-6E9BE2FFC6B5}.Debug|Any CPU.Build.0 = Debug|Any CPU
		{BEF65FB9-57B9-4A48-8CC1-6E9BE2FFC6B5}.Release|Any CPU.ActiveCfg = Release|Any CPU
		{BEF65FB9-57B9-4A48-8CC1-6E9BE2FFC6B5}.Release|Any CPU.Build.0 = Release|Any CPU
	EndGlobalSection
	GlobalSection(SolutionProperties) = preSolution
		HideSolutionNode = FALSE
	EndGlobalSection
	GlobalSection(ExtensibilityGlobals) = postSolution
		SolutionGuid = {7355B8A9-4BE0-4FD1-9DE2-62F4051B0CF8}
	EndGlobalSection
EndGlobal
